dependencies:
- name: nginx
  repository: file://../../apps/nginx
  version: 0.1.0
- name: grafana
  repository: file://../../apps/grafana
  version: 0.1.0
- name: elasticsearch
  repository: file://../../apps/elasticsearch
  version: 0.1.0
- name: airflow
  repository: file://../../apps/airflow
  version: 0.1.0
digest: sha256:887b7297bfacfaa717a5fa6c8b81976cf76e31cc965f15688d301f2723da2100
generated: "2026-09-02T05:40:34.918616123Z"
