dependencies:
- name: nginx
  repository: file://../../apps/nginx
  version: 0.1.0
- name: grafana
  repository: file://../../apps/grafana
  version: 0.1.0
- name: elasticsearch
  repository: file://../../apps/elasticsearch
  version: 0.1.0
digest: sha256:c6f077b9095af35571525443f26b073a82867552c37d98ae14a4e59b33a8cd71
generated: "2026-08-31T12:01:54.487578705Z"
